
Microsoft Visual Studio Solution File, Format Version 12.00
# Visual Studio Version 17
VisualStudioVersion = 17.12.35527.113 d17.12
MinimumVisualStudioVersion = 10.0.40219.1
Project("{FAE04EC0-301F-11D3-BF4B-00C04F79EFBC}") = "Miniproject3(RGB to Grayscale gray)", "Miniproject3(RGB to Grayscale gray)\Miniproject3(RGB to Grayscale gray).csproj", "{2C750162-C60D-471D-98C9-4CF943540F7C}"
EndProject
Global
	GlobalSection(SolutionConfigurationPlatforms) = preSolution
		Debug|Any CPU = Debug|Any CPU
		Release|Any CPU = Release|Any CPU
	EndGlobalSection
	GlobalSection(ProjectConfigurationPlatforms) = postSolution
		{2C750162-C60D-471D-98C9-4CF943540F7C}.Debug|Any CPU.ActiveCfg = Debug|Any CPU
		{2C750162-C60D-471D-98C9-4CF943540F7C}.Debug|Any CPU.Build.0 = Debug|Any CPU
		{2C750162-C60D-471D-98C9-4CF943540F7C}.Release|Any CPU.ActiveCfg = Release|Any CPU
		{2C750162-C60D-471D-98C9-4CF943540F7C}.Release|Any CPU.Build.0 = Release|Any CPU
	EndGlobalSection
	GlobalSection(SolutionProperties) = preSolution
		HideSolutionNode = FALSE
	EndGlobalSection
EndGlobal
