
Microsoft Visual Studio Solution File, Format Version 12.00
# Visual Studio 15
VisualStudioVersion = 15.0.33919.361
MinimumVisualStudioVersion = 10.0.40219.1
Project("{FAE04EC0-301F-11D3-BF4B-00C04F79EFBC}") = "WindowsFormsApp1", "WindowsFormsApp1\WindowsFormsApp1.csproj", "{B633720E-7B4F-46B1-90E8-B87A81A68921}"
EndProject
Global
	GlobalSection(SolutionConfigurationPlatforms) = preSolution
		Debug|Any CPU = Debug|Any CPU
		Release|Any CPU = Release|Any CPU
	EndGlobalSection
	GlobalSection(ProjectConfigurationPlatforms) = postSolution
		{B633720E-7B4F-46B1-90E8-B87A81A68921}.Debug|Any CPU.ActiveCfg = Debug|Any CPU
		{B633720E-7B4F-46B1-90E8-B87A81A68921}.Debug|Any CPU.Build.0 = Debug|Any CPU
		{B633720E-7B4F-46B1-90E8-B87A81A68921}.Release|Any CPU.ActiveCfg = Release|Any CPU
		{B633720E-7B4F-46B1-90E8-B87A81A68921}.Release|Any CPU.Build.0 = Release|Any CPU
	EndGlobalSection
	GlobalSection(SolutionProperties) = preSolution
		HideSolutionNode = FALSE
	EndGlobalSection
	GlobalSection(ExtensibilityGlobals) = postSolution
		SolutionGuid = {F7DCAA80-FE51-4014-BE35-029660FF66A4}
	EndGlobalSection
EndGlobal
